
Microsoft Visual Studio Solution File, Format Version 12.00
# Visual Studio Version 17
VisualStudioVersion = 17.11.35327.3
MinimumVisualStudioVersion = 10.0.40219.1
Project("{9A19103F-16F7-4668-BE54-9A1E7A4F7556}") = "AoC-2024-01", "AoC-2024-01\AoC-2024-01.csproj", "{C54DE821-166F-471F-BEBC-11532F394680}"
EndProject
Project("{9A19103F-16F7-4668-BE54-9A1E7A4F7556}") = "AoC-2024-02", "AoC-2024-02\AoC-2024-02.csproj", "{6B8CD82B-23B0-49C0-99B8-0B6F84212365}"
EndProject
Project("{9A19103F-16F7-4668-BE54-9A1E7A4F7556}") = "AoC-2024-03", "AoC-2024-03\AoC-2024-03.csproj", "{7EC8DB4C-33F7-493A-A68E-25B2EF061DAC}"
EndProject
Project("{9A19103F-16F7-4668-BE54-9A1E7A4F7556}") = "AoC-2024-04", "AoC-2024-04\AoC-2024-04.csproj", "{921CEDD9-28A3-4CBB-8EDB-4F7B6194B652}"
EndProject
Project("{9A19103F-16F7-4668-BE54-9A1E7A4F7556}") = "AoC-2024-05", "AoC-2024-05\AoC-2024-05.csproj", "{4699F9CC-2838-4244-98E5-165E0BC486F5}"
EndProject
Project("{9A19103F-16F7-4668-BE54-9A1E7A4F7556}") = "AoC-2024-06", "AoC-2024-06\AoC-2024-06.csproj", "{276E68E9-4DD6-44DD-8C28-C49E5F0E359E}"
EndProject
Project("{FAE04EC0-301F-11D3-BF4B-00C04F79EFBC}") = "AoC-2024-07", "AoC-2024-07\AoC-2024-07.csproj", "{B09028DF-6B5C-4301-A0C2-1DBA0FECA79E}"
EndProject
Project("{FAE04EC0-301F-11D3-BF4B-00C04F79EFBC}") = "AoC-2024-08", "AoC-2024-08\AoC-2024-08.csproj", "{0C856DE8-B246-4E98-8F2A-425967E62C61}"
EndProject
Project("{FAE04EC0-301F-11D3-BF4B-00C04F79EFBC}") = "AoC-2024-09", "AoC-2024-09\AoC-2024-09.csproj", "{D5979D74-2009-48E8-845D-277D952E6293}"
EndProject
Project("{FAE04EC0-301F-11D3-BF4B-00C04F79EFBC}") = "AoC-2024-10", "AoC-2024-10\AoC-2024-10.csproj", "{32ED1169-669E-463A-8BDF-08EBD5973421}"
EndProject
Project("{FAE04EC0-301F-11D3-BF4B-00C04F79EFBC}") = "AoC-2024-11", "AoC-2024-11\AoC-2024-11.csproj", "{590EBA31-497A-41F4-8D53-2644BF7D2612}"
EndProject
Project("{FAE04EC0-301F-11D3-BF4B-00C04F79EFBC}") = "AoC-2024-12", "AoC-2024-12\AoC-2024-12.csproj", "{9CA18282-8432-4A02-8219-8F596AFADC2E}"
EndProject
Project("{FAE04EC0-301F-11D3-BF4B-00C04F79EFBC}") = "AoC-2024-13", "AoC-2024-13\AoC-2024-13.csproj", "{9A76881D-49B1-4235-A91D-3B4AFA09DD83}"
EndProject
Project("{FAE04EC0-301F-11D3-BF4B-00C04F79EFBC}") = "AoC-2024-14", "AoC-2024-14\AoC-2024-14.csproj", "{F4329940-C899-4291-A065-707126724D15}"
EndProject
Project("{FAE04EC0-301F-11D3-BF4B-00C04F79EFBC}") = "AoC-2024-15", "AoC-2024-15\AoC-2024-15.csproj", "{F3F92684-364D-4CAD-BC30-50C10B8DF579}"
EndProject
Project("{FAE04EC0-301F-11D3-BF4B-00C04F79EFBC}") = "AoC-2024-16", "AoC-2024-16\AoC-2024-16.csproj", "{9C57FA78-DDDC-4482-8156-8C34485506C9}"
EndProject
Project("{FAE04EC0-301F-11D3-BF4B-00C04F79EFBC}") = "AoC-2024-17", "AoC-2024-17\AoC-2024-17.csproj", "{2175778B-ACCF-4C82-B540-AE906C96A002}"
EndProject
Project("{FAE04EC0-301F-11D3-BF4B-00C04F79EFBC}") = "AoC-2024-18", "AoC-2024-18\AoC-2024-18.csproj", "{F0290063-AD99-49F6-AA80-9356C62EDC9E}"
EndProject
Project("{FAE04EC0-301F-11D3-BF4B-00C04F79EFBC}") = "AoC-2024-19", "AoC-2024-19\AoC-2024-19.csproj", "{BCE19B1A-0F90-47C1-B518-DD06F20CCF38}"
EndProject
Project("{FAE04EC0-301F-11D3-BF4B-00C04F79EFBC}") = "AoC-2024-20", "AoC-2024-20\AoC-2024-20.csproj", "{FD9F7D76-919A-43C5-B27B-91DA6A1C8874}"
EndProject
Project("{FAE04EC0-301F-11D3-BF4B-00C04F79EFBC}") = "AoC-2024-21", "AoC-2024-21\AoC-2024-21.csproj", "{AF2C262C-662B-415B-BB96-C533A4B6D8B6}"
EndProject
Project("{FAE04EC0-301F-11D3-BF4B-00C04F79EFBC}") = "AoC-2024-22", "AoC-2024-22\AoC-2024-22.csproj", "{7DF670D4-F7BA-4F69-AF3C-0B51389B1F43}"
EndProject
Project("{FAE04EC0-301F-11D3-BF4B-00C04F79EFBC}") = "AoC-2024-23", "AoC-2024-23\AoC-2024-23.csproj", "{0401A615-350D-4C1D-A7A9-C354A88C4FD4}"
EndProject
Project("{FAE04EC0-301F-11D3-BF4B-00C04F79EFBC}") = "AoC-2024-24", "AoC-2024-24\AoC-2024-24.csproj", "{6463DD11-E0B8-4196-9F08-1F9A4AB1F2CB}"
EndProject
Global
	GlobalSection(SolutionConfigurationPlatforms) = preSolution
		Debug|Any CPU = Debug|Any CPU
		Release|Any CPU = Release|Any CPU
	EndGlobalSection
	GlobalSection(ProjectConfigurationPlatforms) = postSolution
		{C54DE821-166F-471F-BEBC-11532F394680}.Debug|Any CPU.ActiveCfg = Debug|Any CPU
		{C54DE821-166F-471F-BEBC-11532F394680}.Debug|Any CPU.Build.0 = Debug|Any CPU
		{C54DE821-166F-471F-BEBC-11532F394680}.Release|Any CPU.ActiveCfg = Release|Any CPU
		{C54DE821-166F-471F-BEBC-11532F394680}.Release|Any CPU.Build.0 = Release|Any CPU
		{6B8CD82B-23B0-49C0-99B8-0B6F84212365}.Debug|Any CPU.ActiveCfg = Debug|Any CPU
		{6B8CD82B-23B0-49C0-99B8-0B6F84212365}.Debug|Any CPU.Build.0 = Debug|Any CPU
		{6B8CD82B-23B0-49C0-99B8-0B6F84212365}.Release|Any CPU.ActiveCfg = Release|Any CPU
		{6B8CD82B-23B0-49C0-99B8-0B6F84212365}.Release|Any CPU.Build.0 = Release|Any CPU
		{7EC8DB4C-33F7-493A-A68E-25B2EF061DAC}.Debug|Any CPU.ActiveCfg = Debug|Any CPU
		{7EC8DB4C-33F7-493A-A68E-25B2EF061DAC}.Debug|Any CPU.Build.0 = Debug|Any CPU
		{7EC8DB4C-33F7-493A-A68E-25B2EF061DAC}.Release|Any CPU.ActiveCfg = Release|Any CPU
		{7EC8DB4C-33F7-493A-A68E-25B2EF061DAC}.Release|Any CPU.Build.0 = Release|Any CPU
		{921CEDD9-28A3-4CBB-8EDB-4F7B6194B652}.Debug|Any CPU.ActiveCfg = Debug|Any CPU
		{921CEDD9-28A3-4CBB-8EDB-4F7B6194B652}.Debug|Any CPU.Build.0 = Debug|Any CPU
		{921CEDD9-28A3-4CBB-8EDB-4F7B6194B652}.Release|Any CPU.ActiveCfg = Release|Any CPU
		{921CEDD9-28A3-4CBB-8EDB-4F7B6194B652}.Release|Any CPU.Build.0 = Release|Any CPU
		{4699F9CC-2838-4244-98E5-165E0BC486F5}.Debug|Any CPU.ActiveCfg = Debug|Any CPU
		{4699F9CC-2838-4244-98E5-165E0BC486F5}.Debug|Any CPU.Build.0 = Debug|Any CPU
		{4699F9CC-2838-4244-98E5-165E0BC486F5}.Release|Any CPU.ActiveCfg = Release|Any CPU
		{4699F9CC-2838-4244-98E5-165E0BC486F5}.Release|Any CPU.Build.0 = Release|Any CPU
		{276E68E9-4DD6-44DD-8C28-C49E5F0E359E}.Debug|Any CPU.ActiveCfg = Debug|Any CPU
		{276E68E9-4DD6-44DD-8C28-C49E5F0E359E}.Debug|Any CPU.Build.0 = Debug|Any CPU
		{276E68E9-4DD6-44DD-8C28-C49E5F0E359E}.Release|Any CPU.ActiveCfg = Release|Any CPU
		{276E68E9-4DD6-44DD-8C28-C49E5F0E359E}.Release|Any CPU.Build.0 = Release|Any CPU
		{B09028DF-6B5C-4301-A0C2-1DBA0FECA79E}.Debug|Any CPU.ActiveCfg = Debug|Any CPU
		{B09028DF-6B5C-4301-A0C2-1DBA0FECA79E}.Debug|Any CPU.Build.0 = Debug|Any CPU
		{B09028DF-6B5C-4301-A0C2-1DBA0FECA79E}.Release|Any CPU.ActiveCfg = Release|Any CPU
		{B09028DF-6B5C-4301-A0C2-1DBA0FECA79E}.Release|Any CPU.Build.0 = Release|Any CPU
		{0C856DE8-B246-4E98-8F2A-425967E62C61}.Debug|Any CPU.ActiveCfg = Debug|Any CPU
		{0C856DE8-B246-4E98-8F2A-425967E62C61}.Debug|Any CPU.Build.0 = Debug|Any CPU
		{0C856DE8-B246-4E98-8F2A-425967E62C61}.Release|Any CPU.ActiveCfg = Release|Any CPU
		{0C856DE8-B246-4E98-8F2A-425967E62C61}.Release|Any CPU.Build.0 = Release|Any CPU
		{D5979D74-2009-48E8-845D-277D952E6293}.Debug|Any CPU.ActiveCfg = Debug|Any CPU
		{D5979D74-2009-48E8-845D-277D952E6293}.Debug|Any CPU.Build.0 = Debug|Any CPU
		{D5979D74-2009-48E8-845D-277D952E6293}.Release|Any CPU.ActiveCfg = Release|Any CPU
		{D5979D74-2009-48E8-845D-277D952E6293}.Release|Any CPU.Build.0 = Release|Any CPU
		{32ED1169-669E-463A-8BDF-08EBD5973421}.Debug|Any CPU.ActiveCfg = Debug|Any CPU
		{32ED1169-669E-463A-8BDF-08EBD5973421}.Debug|Any CPU.Build.0 = Debug|Any CPU
		{32ED1169-669E-463A-8BDF-08EBD5973421}.Release|Any CPU.ActiveCfg = Release|Any CPU
		{32ED1169-669E-463A-8BDF-08EBD5973421}.Release|Any CPU.Build.0 = Release|Any CPU
		{590EBA31-497A-41F4-8D53-2644BF7D2612}.Debug|Any CPU.ActiveCfg = Debug|Any CPU
		{590EBA31-497A-41F4-8D53-2644BF7D2612}.Debug|Any CPU.Build.0 = Debug|Any CPU
		{590EBA31-497A-41F4-8D53-2644BF7D2612}.Release|Any CPU.ActiveCfg = Release|Any CPU
		{590EBA31-497A-41F4-8D53-2644BF7D2612}.Release|Any CPU.Build.0 = Release|Any CPU
		{9CA18282-8432-4A02-8219-8F596AFADC2E}.Debug|Any CPU.ActiveCfg = Debug|Any CPU
		{9CA18282-8432-4A02-8219-8F596AFADC2E}.Debug|Any CPU.Build.0 = Debug|Any CPU
		{9CA18282-8432-4A02-8219-8F596AFADC2E}.Release|Any CPU.ActiveCfg = Release|Any CPU
		{9CA18282-8432-4A02-8219-8F596AFADC2E}.Release|Any CPU.Build.0 = Release|Any CPU
		{9A76881D-49B1-4235-A91D-3B4AFA09DD83}.Debug|Any CPU.ActiveCfg = Debug|Any CPU
		{9A76881D-49B1-4235-A91D-3B4AFA09DD83}.Debug|Any CPU.Build.0 = Debug|Any CPU
		{9A76881D-49B1-4235-A91D-3B4AFA09DD83}.Release|Any CPU.ActiveCfg = Release|Any CPU
		{9A76881D-49B1-4235-A91D-3B4AFA09DD83}.Release|Any CPU.Build.0 = Release|Any CPU
		{F4329940-C899-4291-A065-707126724D15}.Debug|Any CPU.ActiveCfg = Debug|Any CPU
		{F4329940-C899-4291-A065-707126724D15}.Debug|Any CPU.Build.0 = Debug|Any CPU
		{F4329940-C899-4291-A065-707126724D15}.Release|Any CPU.ActiveCfg = Release|Any CPU
		{F4329940-C899-4291-A065-707126724D15}.Release|Any CPU.Build.0 = Release|Any CPU
		{F3F92684-364D-4CAD-BC30-50C10B8DF579}.Debug|Any CPU.ActiveCfg = Debug|Any CPU
		{F3F92684-364D-4CAD-BC30-50C10B8DF579}.Debug|Any CPU.Build.0 = Debug|Any CPU
		{F3F92684-364D-4CAD-BC30-50C10B8DF579}.Release|Any CPU.ActiveCfg = Release|Any CPU
		{F3F92684-364D-4CAD-BC30-50C10B8DF579}.Release|Any CPU.Build.0 = Release|Any CPU
		{9C57FA78-DDDC-4482-8156-8C34485506C9}.Debug|Any CPU.ActiveCfg = Debug|Any CPU
		{9C57FA78-DDDC-4482-8156-8C34485506C9}.Debug|Any CPU.Build.0 = Debug|Any CPU
		{9C57FA78-DDDC-4482-8156-8C34485506C9}.Release|Any CPU.ActiveCfg = Release|Any CPU
		{9C57FA78-DDDC-4482-8156-8C34485506C9}.Release|Any CPU.Build.0 = Release|Any CPU
		{2175778B-ACCF-4C82-B540-AE906C96A002}.Debug|Any CPU.ActiveCfg = Debug|Any CPU
		{2175778B-ACCF-4C82-B540-AE906C96A002}.Debug|Any CPU.Build.0 = Debug|Any CPU
		{2175778B-ACCF-4C82-B540-AE906C96A002}.Release|Any CPU.ActiveCfg = Release|Any CPU
		{2175778B-ACCF-4C82-B540-AE906C96A002}.Release|Any CPU.Build.0 = Release|Any CPU
		{F0290063-AD99-49F6-AA80-9356C62EDC9E}.Debug|Any CPU.ActiveCfg = Debug|Any CPU
		{F0290063-AD99-49F6-AA80-9356C62EDC9E}.Debug|Any CPU.Build.0 = Debug|Any CPU
		{F0290063-AD99-49F6-AA80-9356C62EDC9E}.Release|Any CPU.ActiveCfg = Release|Any CPU
		{F0290063-AD99-49F6-AA80-9356C62EDC9E}.Release|Any CPU.Build.0 = Release|Any CPU
		{BCE19B1A-0F90-47C1-B518-DD06F20CCF38}.Debug|Any CPU.ActiveCfg = Debug|Any CPU
		{BCE19B1A-0F90-47C1-B518-DD06F20CCF38}.Debug|Any CPU.Build.0 = Debug|Any CPU
		{BCE19B1A-0F90-47C1-B518-DD06F20CCF38}.Release|Any CPU.ActiveCfg = Release|Any CPU
		{BCE19B1A-0F90-47C1-B518-DD06F20CCF38}.Release|Any CPU.Build.0 = Release|Any CPU
		{FD9F7D76-919A-43C5-B27B-91DA6A1C8874}.Debug|Any CPU.ActiveCfg = Debug|Any CPU
		{FD9F7D76-919A-43C5-B27B-91DA6A1C8874}.Debug|Any CPU.Build.0 = Debug|Any CPU
		{FD9F7D76-919A-43C5-B27B-91DA6A1C8874}.Release|Any CPU.ActiveCfg = Release|Any CPU
		{FD9F7D76-919A-43C5-B27B-91DA6A1C8874}.Release|Any CPU.Build.0 = Release|Any CPU
		{AF2C262C-662B-415B-BB96-C533A4B6D8B6}.Debug|Any CPU.ActiveCfg = Debug|Any CPU
		{AF2C262C-662B-415B-BB96-C533A4B6D8B6}.Debug|Any CPU.Build.0 = Debug|Any CPU
		{AF2C262C-662B-415B-BB96-C533A4B6D8B6}.Release|Any CPU.ActiveCfg = Release|Any CPU
		{AF2C262C-662B-415B-BB96-C533A4B6D8B6}.Release|Any CPU.Build.0 = Release|Any CPU
		{7DF670D4-F7BA-4F69-AF3C-0B51389B1F43}.Debug|Any CPU.ActiveCfg = Debug|Any CPU
		{7DF670D4-F7BA-4F69-AF3C-0B51389B1F43}.Debug|Any CPU.Build.0 = Debug|Any CPU
		{7DF670D4-F7BA-4F69-AF3C-0B51389B1F43}.Release|Any CPU.ActiveCfg = Release|Any CPU
		{7DF670D4-F7BA-4F69-AF3C-0B51389B1F43}.Release|Any CPU.Build.0 = Release|Any CPU
		{0401A615-350D-4C1D-A7A9-C354A88C4FD4}.Debug|Any CPU.ActiveCfg = Debug|Any CPU
		{0401A615-350D-4C1D-A7A9-C354A88C4FD4}.Debug|Any CPU.Build.0 = Debug|Any CPU
		{0401A615-350D-4C1D-A7A9-C354A88C4FD4}.Release|Any CPU.ActiveCfg = Release|Any CPU
		{0401A615-350D-4C1D-A7A9-C354A88C4FD4}.Release|Any CPU.Build.0 = Release|Any CPU
		{6463DD11-E0B8-4196-9F08-1F9A4AB1F2CB}.Debug|Any CPU.ActiveCfg = Debug|Any CPU
		{6463DD11-E0B8-4196-9F08-1F9A4AB1F2CB}.Debug|Any CPU.Build.0 = Debug|Any CPU
		{6463DD11-E0B8-4196-9F08-1F9A4AB1F2CB}.Release|Any CPU.ActiveCfg = Release|Any CPU
		{6463DD11-E0B8-4196-9F08-1F9A4AB1F2CB}.Release|Any CPU.Build.0 = Release|Any CPU
	EndGlobalSection
	GlobalSection(SolutionProperties) = preSolution
		HideSolutionNode = FALSE
	EndGlobalSection
	GlobalSection(ExtensibilityGlobals) = postSolution
		SolutionGuid = {E815F0D9-B041-4916-BEB6-8D5B598CF7B8}
	EndGlobalSection
EndGlobal
