
Microsoft Visual Studio Solution File, Format Version 12.00
# Visual Studio Version 17
VisualStudioVersion = 17.0.31903.59
MinimumVisualStudioVersion = 10.0.40219.1
Project("{FAE04EC0-301F-11D3-BF4B-00C04F79EFBC}") = "AoC-2019-02", "AoC-2019-02\AoC-2019-02.csproj", "{A7E5DA09-7604-419C-86D4-97D62EC25E71}"
EndProject
Project("{FAE04EC0-301F-11D3-BF4B-00C04F79EFBC}") = "AoC-2019-05", "AoC-2019-05\AoC-2019-05.csproj", "{2BF7333A-AE00-4B77-A449-988BAA7811CE}"
EndProject
Project("{FAE04EC0-301F-11D3-BF4B-00C04F79EFBC}") = "AoC-2019-07", "AoC-2019-07\AoC-2019-07.csproj", "{1AE276AE-92EB-4314-ACA3-F27ACAE099DB}"
EndProject
Project("{FAE04EC0-301F-11D3-BF4B-00C04F79EFBC}") = "AoC-2019-09", "AoC-2019-09\AoC-2019-09.csproj", "{895F0A9B-6F05-40FB-8C89-B042F5230425}"
EndProject
Project("{FAE04EC0-301F-11D3-BF4B-00C04F79EFBC}") = "IntCode", "IntCode\IntCode.csproj", "{C639C66F-F5D6-4A0B-B6C1-87C11C18A96C}"
EndProject
Project("{FAE04EC0-301F-11D3-BF4B-00C04F79EFBC}") = "IntCode.Tests", "IntCode.Tests\IntCode.Tests.csproj", "{62876A41-5D8B-47E9-B8A7-F70F0517E235}"
EndProject
Project("{FAE04EC0-301F-11D3-BF4B-00C04F79EFBC}") = "AoC-2019-11", "AoC-2019-11\AoC-2019-11.csproj", "{1A05C78A-E716-45E2-ACA2-846C9ECD6A52}"
EndProject
Project("{FAE04EC0-301F-11D3-BF4B-00C04F79EFBC}") = "AoC-2019-13", "AoC-2019-13\AoC-2019-13.csproj", "{936E9A04-D45C-4980-ACA5-0BCC32B29AB2}"
EndProject
Project("{FAE04EC0-301F-11D3-BF4B-00C04F79EFBC}") = "AoC-2019-15", "AoC-2019-15\AoC-2019-15.csproj", "{A324E882-907E-4CC1-966E-7294B0A4627E}"
EndProject
Project("{FAE04EC0-301F-11D3-BF4B-00C04F79EFBC}") = "AoC-2019-17", "AoC-2019-17\AoC-2019-17.csproj", "{F7E38053-82B8-4851-B847-4B2C1402C668}"
EndProject
Project("{FAE04EC0-301F-11D3-BF4B-00C04F79EFBC}") = "AoC-2019-19", "AoC-2019-19\AoC-2019-19.csproj", "{ACDAE365-1CB9-4695-A0A2-92645729208C}"
EndProject
Project("{FAE04EC0-301F-11D3-BF4B-00C04F79EFBC}") = "AoC-2019-21", "AoC-2019-21\AoC-2019-21.csproj", "{38E56726-1D70-4F2D-82E7-39AD57EF16F2}"
EndProject
Project("{FAE04EC0-301F-11D3-BF4B-00C04F79EFBC}") = "AoC-2019-23", "AoC-2019-23\AoC-2019-23.csproj", "{3748FA45-1626-409D-A69B-24831E424469}"
EndProject
Project("{FAE04EC0-301F-11D3-BF4B-00C04F79EFBC}") = "AoC-2019-25", "AoC-2019-25\AoC-2019-25.csproj", "{1BA4143C-5DC6-4E16-A4E1-DAEB336C1FE8}"
EndProject
Global
	GlobalSection(SolutionConfigurationPlatforms) = preSolution
		Debug|Any CPU = Debug|Any CPU
		Release|Any CPU = Release|Any CPU
	EndGlobalSection
	GlobalSection(ProjectConfigurationPlatforms) = postSolution
		{A7E5DA09-7604-419C-86D4-97D62EC25E71}.Debug|Any CPU.ActiveCfg = Debug|Any CPU
		{A7E5DA09-7604-419C-86D4-97D62EC25E71}.Debug|Any CPU.Build.0 = Debug|Any CPU
		{A7E5DA09-7604-419C-86D4-97D62EC25E71}.Release|Any CPU.ActiveCfg = Release|Any CPU
		{A7E5DA09-7604-419C-86D4-97D62EC25E71}.Release|Any CPU.Build.0 = Release|Any CPU
		{2BF7333A-AE00-4B77-A449-988BAA7811CE}.Debug|Any CPU.ActiveCfg = Debug|Any CPU
		{2BF7333A-AE00-4B77-A449-988BAA7811CE}.Debug|Any CPU.Build.0 = Debug|Any CPU
		{2BF7333A-AE00-4B77-A449-988BAA7811CE}.Release|Any CPU.ActiveCfg = Release|Any CPU
		{2BF7333A-AE00-4B77-A449-988BAA7811CE}.Release|Any CPU.Build.0 = Release|Any CPU
		{1AE276AE-92EB-4314-ACA3-F27ACAE099DB}.Debug|Any CPU.ActiveCfg = Debug|Any CPU
		{1AE276AE-92EB-4314-ACA3-F27ACAE099DB}.Debug|Any CPU.Build.0 = Debug|Any CPU
		{1AE276AE-92EB-4314-ACA3-F27ACAE099DB}.Release|Any CPU.ActiveCfg = Release|Any CPU
		{1AE276AE-92EB-4314-ACA3-F27ACAE099DB}.Release|Any CPU.Build.0 = Release|Any CPU
		{895F0A9B-6F05-40FB-8C89-B042F5230425}.Debug|Any CPU.ActiveCfg = Debug|Any CPU
		{895F0A9B-6F05-40FB-8C89-B042F5230425}.Debug|Any CPU.Build.0 = Debug|Any CPU
		{895F0A9B-6F05-40FB-8C89-B042F5230425}.Release|Any CPU.ActiveCfg = Release|Any CPU
		{895F0A9B-6F05-40FB-8C89-B042F5230425}.Release|Any CPU.Build.0 = Release|Any CPU
		{C639C66F-F5D6-4A0B-B6C1-87C11C18A96C}.Debug|Any CPU.ActiveCfg = Debug|Any CPU
		{C639C66F-F5D6-4A0B-B6C1-87C11C18A96C}.Debug|Any CPU.Build.0 = Debug|Any CPU
		{C639C66F-F5D6-4A0B-B6C1-87C11C18A96C}.Release|Any CPU.ActiveCfg = Release|Any CPU
		{C639C66F-F5D6-4A0B-B6C1-87C11C18A96C}.Release|Any CPU.Build.0 = Release|Any CPU
		{62876A41-5D8B-47E9-B8A7-F70F0517E235}.Debug|Any CPU.ActiveCfg = Debug|Any CPU
		{62876A41-5D8B-47E9-B8A7-F70F0517E235}.Debug|Any CPU.Build.0 = Debug|Any CPU
		{62876A41-5D8B-47E9-B8A7-F70F0517E235}.Release|Any CPU.ActiveCfg = Release|Any CPU
		{62876A41-5D8B-47E9-B8A7-F70F0517E235}.Release|Any CPU.Build.0 = Release|Any CPU
		{1A05C78A-E716-45E2-ACA2-846C9ECD6A52}.Debug|Any CPU.ActiveCfg = Debug|Any CPU
		{1A05C78A-E716-45E2-ACA2-846C9ECD6A52}.Debug|Any CPU.Build.0 = Debug|Any CPU
		{1A05C78A-E716-45E2-ACA2-846C9ECD6A52}.Release|Any CPU.ActiveCfg = Release|Any CPU
		{1A05C78A-E716-45E2-ACA2-846C9ECD6A52}.Release|Any CPU.Build.0 = Release|Any CPU
		{936E9A04-D45C-4980-ACA5-0BCC32B29AB2}.Debug|Any CPU.ActiveCfg = Debug|Any CPU
		{936E9A04-D45C-4980-ACA5-0BCC32B29AB2}.Debug|Any CPU.Build.0 = Debug|Any CPU
		{936E9A04-D45C-4980-ACA5-0BCC32B29AB2}.Release|Any CPU.ActiveCfg = Release|Any CPU
		{936E9A04-D45C-4980-ACA5-0BCC32B29AB2}.Release|Any CPU.Build.0 = Release|Any CPU
		{A324E882-907E-4CC1-966E-7294B0A4627E}.Debug|Any CPU.ActiveCfg = Debug|Any CPU
		{A324E882-907E-4CC1-966E-7294B0A4627E}.Debug|Any CPU.Build.0 = Debug|Any CPU
		{A324E882-907E-4CC1-966E-7294B0A4627E}.Release|Any CPU.ActiveCfg = Release|Any CPU
		{A324E882-907E-4CC1-966E-7294B0A4627E}.Release|Any CPU.Build.0 = Release|Any CPU
		{F7E38053-82B8-4851-B847-4B2C1402C668}.Debug|Any CPU.ActiveCfg = Debug|Any CPU
		{F7E38053-82B8-4851-B847-4B2C1402C668}.Debug|Any CPU.Build.0 = Debug|Any CPU
		{F7E38053-82B8-4851-B847-4B2C1402C668}.Release|Any CPU.ActiveCfg = Release|Any CPU
		{F7E38053-82B8-4851-B847-4B2C1402C668}.Release|Any CPU.Build.0 = Release|Any CPU
		{ACDAE365-1CB9-4695-A0A2-92645729208C}.Debug|Any CPU.ActiveCfg = Debug|Any CPU
		{ACDAE365-1CB9-4695-A0A2-92645729208C}.Debug|Any CPU.Build.0 = Debug|Any CPU
		{ACDAE365-1CB9-4695-A0A2-92645729208C}.Release|Any CPU.ActiveCfg = Release|Any CPU
		{ACDAE365-1CB9-4695-A0A2-92645729208C}.Release|Any CPU.Build.0 = Release|Any CPU
		{38E56726-1D70-4F2D-82E7-39AD57EF16F2}.Debug|Any CPU.ActiveCfg = Debug|Any CPU
		{38E56726-1D70-4F2D-82E7-39AD57EF16F2}.Debug|Any CPU.Build.0 = Debug|Any CPU
		{38E56726-1D70-4F2D-82E7-39AD57EF16F2}.Release|Any CPU.ActiveCfg = Release|Any CPU
		{38E56726-1D70-4F2D-82E7-39AD57EF16F2}.Release|Any CPU.Build.0 = Release|Any CPU
		{3748FA45-1626-409D-A69B-24831E424469}.Debug|Any CPU.ActiveCfg = Debug|Any CPU
		{3748FA45-1626-409D-A69B-24831E424469}.Debug|Any CPU.Build.0 = Debug|Any CPU
		{3748FA45-1626-409D-A69B-24831E424469}.Release|Any CPU.ActiveCfg = Release|Any CPU
		{3748FA45-1626-409D-A69B-24831E424469}.Release|Any CPU.Build.0 = Release|Any CPU
		{1BA4143C-5DC6-4E16-A4E1-DAEB336C1FE8}.Debug|Any CPU.ActiveCfg = Debug|Any CPU
		{1BA4143C-5DC6-4E16-A4E1-DAEB336C1FE8}.Debug|Any CPU.Build.0 = Debug|Any CPU
		{1BA4143C-5DC6-4E16-A4E1-DAEB336C1FE8}.Release|Any CPU.ActiveCfg = Release|Any CPU
		{1BA4143C-5DC6-4E16-A4E1-DAEB336C1FE8}.Release|Any CPU.Build.0 = Release|Any CPU
	EndGlobalSection
	GlobalSection(SolutionProperties) = preSolution
		HideSolutionNode = FALSE
	EndGlobalSection
	GlobalSection(ExtensibilityGlobals) = postSolution
		SolutionGuid = {570D3C97-1509-41FF-B071-8A813F902304}
	EndGlobalSection
EndGlobal
