
Microsoft Visual Studio Solution File, Format Version 12.00
# Visual Studio Version 17
VisualStudioVersion = 17.0.31903.59
MinimumVisualStudioVersion = 10.0.40219.1
Project("{FAE04EC0-301F-11D3-BF4B-00C04F79EFBC}") = "AoC-2019-02", "AoC-2019-02\AoC-2019-02.csproj", "{A7E5DA09-7604-419C-86D4-97D62EC25E71}"
EndProject
Project("{FAE04EC0-301F-11D3-BF4B-00C04F79EFBC}") = "AoC-2019-05", "AoC-2019-05\AoC-2019-05.csproj", "{2BF7333A-AE00-4B77-A449-988BAA7811CE}"
EndProject
Global
	GlobalSection(SolutionConfigurationPlatforms) = preSolution
		Debug|Any CPU = Debug|Any CPU
		Release|Any CPU = Release|Any CPU
	EndGlobalSection
	GlobalSection(SolutionProperties) = preSolution
		HideSolutionNode = FALSE
	EndGlobalSection
	GlobalSection(ProjectConfigurationPlatforms) = postSolution
		{A7E5DA09-7604-419C-86D4-97D62EC25E71}.Debug|Any CPU.ActiveCfg = Debug|Any CPU
		{A7E5DA09-7604-419C-86D4-97D62EC25E71}.Debug|Any CPU.Build.0 = Debug|Any CPU
		{A7E5DA09-7604-419C-86D4-97D62EC25E71}.Release|Any CPU.ActiveCfg = Release|Any CPU
		{A7E5DA09-7604-419C-86D4-97D62EC25E71}.Release|Any CPU.Build.0 = Release|Any CPU
		{2BF7333A-AE00-4B77-A449-988BAA7811CE}.Debug|Any CPU.ActiveCfg = Debug|Any CPU
		{2BF7333A-AE00-4B77-A449-988BAA7811CE}.Debug|Any CPU.Build.0 = Debug|Any CPU
		{2BF7333A-AE00-4B77-A449-988BAA7811CE}.Release|Any CPU.ActiveCfg = Release|Any CPU
		{2BF7333A-AE00-4B77-A449-988BAA7811CE}.Release|Any CPU.Build.0 = Release|Any CPU
	EndGlobalSection
EndGlobal
