
Microsoft Visual Studio Solution File, Format Version 12.00
# Visual Studio Version 17
VisualStudioVersion = 17.0.31903.59
MinimumVisualStudioVersion = 10.0.40219.1
Project("{FAE04EC0-301F-11D3-BF4B-00C04F79EFBC}") = "AoC-2025-01", "AoC-2025-01\AoC-2025-01.csproj", "{96A34430-8A0D-40BD-B507-F5E06957F417}"
EndProject
Project("{FAE04EC0-301F-11D3-BF4B-00C04F79EFBC}") = "AoC-2025-02", "AoC-2025-02\AoC-2025-02.csproj", "{490598C1-A163-D2AF-E169-D030ECB69A0B}"
EndProject
Project("{FAE04EC0-301F-11D3-BF4B-00C04F79EFBC}") = "AoC-2025-03", "AoC-2025-03\AoC-2025-03.csproj", "{980324CA-2D07-4300-9A51-F259ED5DB69F}"
EndProject
Project("{FAE04EC0-301F-11D3-BF4B-00C04F79EFBC}") = "AoC-2025-04", "AoC-2025-04\AoC-2025-04.csproj", "{0F792D66-92E0-4CC0-BDF5-033CE1319A7D}"
EndProject
Project("{FAE04EC0-301F-11D3-BF4B-00C04F79EFBC}") = "AoC-2025-05", "AoC-2025-05\AoC-2025-05.csproj", "{D08C45CC-6BD8-4A22-B0A9-D18581D02C09}"
EndProject
Project("{FAE04EC0-301F-11D3-BF4B-00C04F79EFBC}") = "AoC-2025-06", "AoC-2025-06\AoC-2025-06.csproj", "{DB148B52-69D6-4D27-99A0-3D7698E73E5D}"
EndProject
Project("{FAE04EC0-301F-11D3-BF4B-00C04F79EFBC}") = "AoC-2025-07", "AoC-2025-07\AoC-2025-07.csproj", "{79719DD4-0C03-40C7-A27E-C816B342D46D}"
EndProject
Project("{FAE04EC0-301F-11D3-BF4B-00C04F79EFBC}") = "AoC-2025-08", "AoC-2025-08\AoC-2025-08.csproj", "{6733F4C8-41F6-4D1A-AE08-672DD93A7290}"
EndProject
Project("{FAE04EC0-301F-11D3-BF4B-00C04F79EFBC}") = "AoC-2025-09", "AoC-2025-09\AoC-2025-09.csproj", "{1105ACFD-26CA-4720-BFD6-B09C42BC7B39}"
EndProject
Project("{FAE04EC0-301F-11D3-BF4B-00C04F79EFBC}") = "AoC-2025-10", "AoC-2025-10\AoC-2025-10.csproj", "{F93395EC-8B91-4225-AF5B-B6E30EE1C8FD}"
EndProject
Project("{FAE04EC0-301F-11D3-BF4B-00C04F79EFBC}") = "AoC-2025-11", "AoC-2025-11\AoC-2025-11.csproj", "{F8172FA5-1D9C-431D-B544-E0163A3CF8CD}"
EndProject
Project("{FAE04EC0-301F-11D3-BF4B-00C04F79EFBC}") = "AoC-2025-12", "AoC-2025-12\AoC-2025-12.csproj", "{2F895218-4754-405B-A596-B400473A88F9}"
EndProject
Project("{FAE04EC0-301F-11D3-BF4B-00C04F79EFBC}") = "AoC-2025-12.Game", "AoC-2025-12.Game\AoC-2025-12.Game.csproj", "{5C69C71E-0D46-D73F-CE47-501C1BD9A68D}"
EndProject
Global
	GlobalSection(SolutionConfigurationPlatforms) = preSolution
		Debug|Any CPU = Debug|Any CPU
		Debug|x64 = Debug|x64
		Debug|x86 = Debug|x86
		Release|Any CPU = Release|Any CPU
		Release|x64 = Release|x64
		Release|x86 = Release|x86
	EndGlobalSection
	GlobalSection(ProjectConfigurationPlatforms) = postSolution
		{96A34430-8A0D-40BD-B507-F5E06957F417}.Debug|Any CPU.ActiveCfg = Debug|Any CPU
		{96A34430-8A0D-40BD-B507-F5E06957F417}.Debug|Any CPU.Build.0 = Debug|Any CPU
		{96A34430-8A0D-40BD-B507-F5E06957F417}.Debug|x64.ActiveCfg = Debug|Any CPU
		{96A34430-8A0D-40BD-B507-F5E06957F417}.Debug|x64.Build.0 = Debug|Any CPU
		{96A34430-8A0D-40BD-B507-F5E06957F417}.Debug|x86.ActiveCfg = Debug|Any CPU
		{96A34430-8A0D-40BD-B507-F5E06957F417}.Debug|x86.Build.0 = Debug|Any CPU
		{96A34430-8A0D-40BD-B507-F5E06957F417}.Release|Any CPU.ActiveCfg = Release|Any CPU
		{96A34430-8A0D-40BD-B507-F5E06957F417}.Release|Any CPU.Build.0 = Release|Any CPU
		{96A34430-8A0D-40BD-B507-F5E06957F417}.Release|x64.ActiveCfg = Release|Any CPU
		{96A34430-8A0D-40BD-B507-F5E06957F417}.Release|x64.Build.0 = Release|Any CPU
		{96A34430-8A0D-40BD-B507-F5E06957F417}.Release|x86.ActiveCfg = Release|Any CPU
		{96A34430-8A0D-40BD-B507-F5E06957F417}.Release|x86.Build.0 = Release|Any CPU
		{490598C1-A163-D2AF-E169-D030ECB69A0B}.Debug|Any CPU.ActiveCfg = Debug|Any CPU
		{490598C1-A163-D2AF-E169-D030ECB69A0B}.Debug|Any CPU.Build.0 = Debug|Any CPU
		{490598C1-A163-D2AF-E169-D030ECB69A0B}.Debug|x64.ActiveCfg = Debug|Any CPU
		{490598C1-A163-D2AF-E169-D030ECB69A0B}.Debug|x64.Build.0 = Debug|Any CPU
		{490598C1-A163-D2AF-E169-D030ECB69A0B}.Debug|x86.ActiveCfg = Debug|Any CPU
		{490598C1-A163-D2AF-E169-D030ECB69A0B}.Debug|x86.Build.0 = Debug|Any CPU
		{490598C1-A163-D2AF-E169-D030ECB69A0B}.Release|Any CPU.ActiveCfg = Release|Any CPU
		{490598C1-A163-D2AF-E169-D030ECB69A0B}.Release|Any CPU.Build.0 = Release|Any CPU
		{490598C1-A163-D2AF-E169-D030ECB69A0B}.Release|x64.ActiveCfg = Release|Any CPU
		{490598C1-A163-D2AF-E169-D030ECB69A0B}.Release|x64.Build.0 = Release|Any CPU
		{490598C1-A163-D2AF-E169-D030ECB69A0B}.Release|x86.ActiveCfg = Release|Any CPU
		{490598C1-A163-D2AF-E169-D030ECB69A0B}.Release|x86.Build.0 = Release|Any CPU
		{980324CA-2D07-4300-9A51-F259ED5DB69F}.Debug|Any CPU.ActiveCfg = Debug|Any CPU
		{980324CA-2D07-4300-9A51-F259ED5DB69F}.Debug|Any CPU.Build.0 = Debug|Any CPU
		{980324CA-2D07-4300-9A51-F259ED5DB69F}.Debug|x64.ActiveCfg = Debug|Any CPU
		{980324CA-2D07-4300-9A51-F259ED5DB69F}.Debug|x64.Build.0 = Debug|Any CPU
		{980324CA-2D07-4300-9A51-F259ED5DB69F}.Debug|x86.ActiveCfg = Debug|Any CPU
		{980324CA-2D07-4300-9A51-F259ED5DB69F}.Debug|x86.Build.0 = Debug|Any CPU
		{980324CA-2D07-4300-9A51-F259ED5DB69F}.Release|Any CPU.ActiveCfg = Release|Any CPU
		{980324CA-2D07-4300-9A51-F259ED5DB69F}.Release|Any CPU.Build.0 = Release|Any CPU
		{980324CA-2D07-4300-9A51-F259ED5DB69F}.Release|x64.ActiveCfg = Release|Any CPU
		{980324CA-2D07-4300-9A51-F259ED5DB69F}.Release|x64.Build.0 = Release|Any CPU
		{980324CA-2D07-4300-9A51-F259ED5DB69F}.Release|x86.ActiveCfg = Release|Any CPU
		{980324CA-2D07-4300-9A51-F259ED5DB69F}.Release|x86.Build.0 = Release|Any CPU
		{0F792D66-92E0-4CC0-BDF5-033CE1319A7D}.Debug|Any CPU.ActiveCfg = Debug|Any CPU
		{0F792D66-92E0-4CC0-BDF5-033CE1319A7D}.Debug|Any CPU.Build.0 = Debug|Any CPU
		{0F792D66-92E0-4CC0-BDF5-033CE1319A7D}.Debug|x64.ActiveCfg = Debug|Any CPU
		{0F792D66-92E0-4CC0-BDF5-033CE1319A7D}.Debug|x64.Build.0 = Debug|Any CPU
		{0F792D66-92E0-4CC0-BDF5-033CE1319A7D}.Debug|x86.ActiveCfg = Debug|Any CPU
		{0F792D66-92E0-4CC0-BDF5-033CE1319A7D}.Debug|x86.Build.0 = Debug|Any CPU
		{0F792D66-92E0-4CC0-BDF5-033CE1319A7D}.Release|Any CPU.ActiveCfg = Release|Any CPU
		{0F792D66-92E0-4CC0-BDF5-033CE1319A7D}.Release|Any CPU.Build.0 = Release|Any CPU
		{0F792D66-92E0-4CC0-BDF5-033CE1319A7D}.Release|x64.ActiveCfg = Release|Any CPU
		{0F792D66-92E0-4CC0-BDF5-033CE1319A7D}.Release|x64.Build.0 = Release|Any CPU
		{0F792D66-92E0-4CC0-BDF5-033CE1319A7D}.Release|x86.ActiveCfg = Release|Any CPU
		{0F792D66-92E0-4CC0-BDF5-033CE1319A7D}.Release|x86.Build.0 = Release|Any CPU
		{D08C45CC-6BD8-4A22-B0A9-D18581D02C09}.Debug|Any CPU.ActiveCfg = Debug|Any CPU
		{D08C45CC-6BD8-4A22-B0A9-D18581D02C09}.Debug|Any CPU.Build.0 = Debug|Any CPU
		{D08C45CC-6BD8-4A22-B0A9-D18581D02C09}.Debug|x64.ActiveCfg = Debug|Any CPU
		{D08C45CC-6BD8-4A22-B0A9-D18581D02C09}.Debug|x64.Build.0 = Debug|Any CPU
		{D08C45CC-6BD8-4A22-B0A9-D18581D02C09}.Debug|x86.ActiveCfg = Debug|Any CPU
		{D08C45CC-6BD8-4A22-B0A9-D18581D02C09}.Debug|x86.Build.0 = Debug|Any CPU
		{D08C45CC-6BD8-4A22-B0A9-D18581D02C09}.Release|Any CPU.ActiveCfg = Release|Any CPU
		{D08C45CC-6BD8-4A22-B0A9-D18581D02C09}.Release|Any CPU.Build.0 = Release|Any CPU
		{D08C45CC-6BD8-4A22-B0A9-D18581D02C09}.Release|x64.ActiveCfg = Release|Any CPU
		{D08C45CC-6BD8-4A22-B0A9-D18581D02C09}.Release|x64.Build.0 = Release|Any CPU
		{D08C45CC-6BD8-4A22-B0A9-D18581D02C09}.Release|x86.ActiveCfg = Release|Any CPU
		{D08C45CC-6BD8-4A22-B0A9-D18581D02C09}.Release|x86.Build.0 = Release|Any CPU
		{DB148B52-69D6-4D27-99A0-3D7698E73E5D}.Debug|Any CPU.ActiveCfg = Debug|Any CPU
		{DB148B52-69D6-4D27-99A0-3D7698E73E5D}.Debug|Any CPU.Build.0 = Debug|Any CPU
		{DB148B52-69D6-4D27-99A0-3D7698E73E5D}.Debug|x64.ActiveCfg = Debug|Any CPU
		{DB148B52-69D6-4D27-99A0-3D7698E73E5D}.Debug|x64.Build.0 = Debug|Any CPU
		{DB148B52-69D6-4D27-99A0-3D7698E73E5D}.Debug|x86.ActiveCfg = Debug|Any CPU
		{DB148B52-69D6-4D27-99A0-3D7698E73E5D}.Debug|x86.Build.0 = Debug|Any CPU
		{DB148B52-69D6-4D27-99A0-3D7698E73E5D}.Release|Any CPU.ActiveCfg = Release|Any CPU
		{DB148B52-69D6-4D27-99A0-3D7698E73E5D}.Release|Any CPU.Build.0 = Release|Any CPU
		{DB148B52-69D6-4D27-99A0-3D7698E73E5D}.Release|x64.ActiveCfg = Release|Any CPU
		{DB148B52-69D6-4D27-99A0-3D7698E73E5D}.Release|x64.Build.0 = Release|Any CPU
		{DB148B52-69D6-4D27-99A0-3D7698E73E5D}.Release|x86.ActiveCfg = Release|Any CPU
		{DB148B52-69D6-4D27-99A0-3D7698E73E5D}.Release|x86.Build.0 = Release|Any CPU
		{79719DD4-0C03-40C7-A27E-C816B342D46D}.Debug|Any CPU.ActiveCfg = Debug|Any CPU
		{79719DD4-0C03-40C7-A27E-C816B342D46D}.Debug|Any CPU.Build.0 = Debug|Any CPU
		{79719DD4-0C03-40C7-A27E-C816B342D46D}.Debug|x64.ActiveCfg = Debug|Any CPU
		{79719DD4-0C03-40C7-A27E-C816B342D46D}.Debug|x64.Build.0 = Debug|Any CPU
		{79719DD4-0C03-40C7-A27E-C816B342D46D}.Debug|x86.ActiveCfg = Debug|Any CPU
		{79719DD4-0C03-40C7-A27E-C816B342D46D}.Debug|x86.Build.0 = Debug|Any CPU
		{79719DD4-0C03-40C7-A27E-C816B342D46D}.Release|Any CPU.ActiveCfg = Release|Any CPU
		{79719DD4-0C03-40C7-A27E-C816B342D46D}.Release|Any CPU.Build.0 = Release|Any CPU
		{79719DD4-0C03-40C7-A27E-C816B342D46D}.Release|x64.ActiveCfg = Release|Any CPU
		{79719DD4-0C03-40C7-A27E-C816B342D46D}.Release|x64.Build.0 = Release|Any CPU
		{79719DD4-0C03-40C7-A27E-C816B342D46D}.Release|x86.ActiveCfg = Release|Any CPU
		{79719DD4-0C03-40C7-A27E-C816B342D46D}.Release|x86.Build.0 = Release|Any CPU
		{6733F4C8-41F6-4D1A-AE08-672DD93A7290}.Debug|Any CPU.ActiveCfg = Debug|Any CPU
		{6733F4C8-41F6-4D1A-AE08-672DD93A7290}.Debug|Any CPU.Build.0 = Debug|Any CPU
		{6733F4C8-41F6-4D1A-AE08-672DD93A7290}.Debug|x64.ActiveCfg = Debug|Any CPU
		{6733F4C8-41F6-4D1A-AE08-672DD93A7290}.Debug|x64.Build.0 = Debug|Any CPU
		{6733F4C8-41F6-4D1A-AE08-672DD93A7290}.Debug|x86.ActiveCfg = Debug|Any CPU
		{6733F4C8-41F6-4D1A-AE08-672DD93A7290}.Debug|x86.Build.0 = Debug|Any CPU
		{6733F4C8-41F6-4D1A-AE08-672DD93A7290}.Release|Any CPU.ActiveCfg = Release|Any CPU
		{6733F4C8-41F6-4D1A-AE08-672DD93A7290}.Release|Any CPU.Build.0 = Release|Any CPU
		{6733F4C8-41F6-4D1A-AE08-672DD93A7290}.Release|x64.ActiveCfg = Release|Any CPU
		{6733F4C8-41F6-4D1A-AE08-672DD93A7290}.Release|x64.Build.0 = Release|Any CPU
		{6733F4C8-41F6-4D1A-AE08-672DD93A7290}.Release|x86.ActiveCfg = Release|Any CPU
		{6733F4C8-41F6-4D1A-AE08-672DD93A7290}.Release|x86.Build.0 = Release|Any CPU
		{1105ACFD-26CA-4720-BFD6-B09C42BC7B39}.Debug|Any CPU.ActiveCfg = Debug|Any CPU
		{1105ACFD-26CA-4720-BFD6-B09C42BC7B39}.Debug|Any CPU.Build.0 = Debug|Any CPU
		{1105ACFD-26CA-4720-BFD6-B09C42BC7B39}.Debug|x64.ActiveCfg = Debug|Any CPU
		{1105ACFD-26CA-4720-BFD6-B09C42BC7B39}.Debug|x64.Build.0 = Debug|Any CPU
		{1105ACFD-26CA-4720-BFD6-B09C42BC7B39}.Debug|x86.ActiveCfg = Debug|Any CPU
		{1105ACFD-26CA-4720-BFD6-B09C42BC7B39}.Debug|x86.Build.0 = Debug|Any CPU
		{1105ACFD-26CA-4720-BFD6-B09C42BC7B39}.Release|Any CPU.ActiveCfg = Release|Any CPU
		{1105ACFD-26CA-4720-BFD6-B09C42BC7B39}.Release|Any CPU.Build.0 = Release|Any CPU
		{1105ACFD-26CA-4720-BFD6-B09C42BC7B39}.Release|x64.ActiveCfg = Release|Any CPU
		{1105ACFD-26CA-4720-BFD6-B09C42BC7B39}.Release|x64.Build.0 = Release|Any CPU
		{1105ACFD-26CA-4720-BFD6-B09C42BC7B39}.Release|x86.ActiveCfg = Release|Any CPU
		{1105ACFD-26CA-4720-BFD6-B09C42BC7B39}.Release|x86.Build.0 = Release|Any CPU
		{F93395EC-8B91-4225-AF5B-B6E30EE1C8FD}.Debug|Any CPU.ActiveCfg = Debug|Any CPU
		{F93395EC-8B91-4225-AF5B-B6E30EE1C8FD}.Debug|Any CPU.Build.0 = Debug|Any CPU
		{F93395EC-8B91-4225-AF5B-B6E30EE1C8FD}.Debug|x64.ActiveCfg = Debug|Any CPU
		{F93395EC-8B91-4225-AF5B-B6E30EE1C8FD}.Debug|x64.Build.0 = Debug|Any CPU
		{F93395EC-8B91-4225-AF5B-B6E30EE1C8FD}.Debug|x86.ActiveCfg = Debug|Any CPU
		{F93395EC-8B91-4225-AF5B-B6E30EE1C8FD}.Debug|x86.Build.0 = Debug|Any CPU
		{F93395EC-8B91-4225-AF5B-B6E30EE1C8FD}.Release|Any CPU.ActiveCfg = Release|Any CPU
		{F93395EC-8B91-4225-AF5B-B6E30EE1C8FD}.Release|Any CPU.Build.0 = Release|Any CPU
		{F93395EC-8B91-4225-AF5B-B6E30EE1C8FD}.Release|x64.ActiveCfg = Release|Any CPU
		{F93395EC-8B91-4225-AF5B-B6E30EE1C8FD}.Release|x64.Build.0 = Release|Any CPU
		{F93395EC-8B91-4225-AF5B-B6E30EE1C8FD}.Release|x86.ActiveCfg = Release|Any CPU
		{F93395EC-8B91-4225-AF5B-B6E30EE1C8FD}.Release|x86.Build.0 = Release|Any CPU
		{F8172FA5-1D9C-431D-B544-E0163A3CF8CD}.Debug|Any CPU.ActiveCfg = Debug|Any CPU
		{F8172FA5-1D9C-431D-B544-E0163A3CF8CD}.Debug|Any CPU.Build.0 = Debug|Any CPU
		{F8172FA5-1D9C-431D-B544-E0163A3CF8CD}.Debug|x64.ActiveCfg = Debug|Any CPU
		{F8172FA5-1D9C-431D-B544-E0163A3CF8CD}.Debug|x64.Build.0 = Debug|Any CPU
		{F8172FA5-1D9C-431D-B544-E0163A3CF8CD}.Debug|x86.ActiveCfg = Debug|Any CPU
		{F8172FA5-1D9C-431D-B544-E0163A3CF8CD}.Debug|x86.Build.0 = Debug|Any CPU
		{F8172FA5-1D9C-431D-B544-E0163A3CF8CD}.Release|Any CPU.ActiveCfg = Release|Any CPU
		{F8172FA5-1D9C-431D-B544-E0163A3CF8CD}.Release|Any CPU.Build.0 = Release|Any CPU
		{F8172FA5-1D9C-431D-B544-E0163A3CF8CD}.Release|x64.ActiveCfg = Release|Any CPU
		{F8172FA5-1D9C-431D-B544-E0163A3CF8CD}.Release|x64.Build.0 = Release|Any CPU
		{F8172FA5-1D9C-431D-B544-E0163A3CF8CD}.Release|x86.ActiveCfg = Release|Any CPU
		{F8172FA5-1D9C-431D-B544-E0163A3CF8CD}.Release|x86.Build.0 = Release|Any CPU
		{2F895218-4754-405B-A596-B400473A88F9}.Debug|Any CPU.ActiveCfg = Debug|Any CPU
		{2F895218-4754-405B-A596-B400473A88F9}.Debug|Any CPU.Build.0 = Debug|Any CPU
		{2F895218-4754-405B-A596-B400473A88F9}.Debug|x64.ActiveCfg = Debug|Any CPU
		{2F895218-4754-405B-A596-B400473A88F9}.Debug|x64.Build.0 = Debug|Any CPU
		{2F895218-4754-405B-A596-B400473A88F9}.Debug|x86.ActiveCfg = Debug|Any CPU
		{2F895218-4754-405B-A596-B400473A88F9}.Debug|x86.Build.0 = Debug|Any CPU
		{2F895218-4754-405B-A596-B400473A88F9}.Release|Any CPU.ActiveCfg = Release|Any CPU
		{2F895218-4754-405B-A596-B400473A88F9}.Release|Any CPU.Build.0 = Release|Any CPU
		{2F895218-4754-405B-A596-B400473A88F9}.Release|x64.ActiveCfg = Release|Any CPU
		{2F895218-4754-405B-A596-B400473A88F9}.Release|x64.Build.0 = Release|Any CPU
		{2F895218-4754-405B-A596-B400473A88F9}.Release|x86.ActiveCfg = Release|Any CPU
		{2F895218-4754-405B-A596-B400473A88F9}.Release|x86.Build.0 = Release|Any CPU
		{5C69C71E-0D46-D73F-CE47-501C1BD9A68D}.Debug|Any CPU.ActiveCfg = Debug|Any CPU
		{5C69C71E-0D46-D73F-CE47-501C1BD9A68D}.Debug|Any CPU.Build.0 = Debug|Any CPU
		{5C69C71E-0D46-D73F-CE47-501C1BD9A68D}.Debug|x64.ActiveCfg = Debug|Any CPU
		{5C69C71E-0D46-D73F-CE47-501C1BD9A68D}.Debug|x64.Build.0 = Debug|Any CPU
		{5C69C71E-0D46-D73F-CE47-501C1BD9A68D}.Debug|x86.ActiveCfg = Debug|Any CPU
		{5C69C71E-0D46-D73F-CE47-501C1BD9A68D}.Debug|x86.Build.0 = Debug|Any CPU
		{5C69C71E-0D46-D73F-CE47-501C1BD9A68D}.Release|Any CPU.ActiveCfg = Release|Any CPU
		{5C69C71E-0D46-D73F-CE47-501C1BD9A68D}.Release|Any CPU.Build.0 = Release|Any CPU
		{5C69C71E-0D46-D73F-CE47-501C1BD9A68D}.Release|x64.ActiveCfg = Release|Any CPU
		{5C69C71E-0D46-D73F-CE47-501C1BD9A68D}.Release|x64.Build.0 = Release|Any CPU
		{5C69C71E-0D46-D73F-CE47-501C1BD9A68D}.Release|x86.ActiveCfg = Release|Any CPU
		{5C69C71E-0D46-D73F-CE47-501C1BD9A68D}.Release|x86.Build.0 = Release|Any CPU
	EndGlobalSection
	GlobalSection(SolutionProperties) = preSolution
		HideSolutionNode = FALSE
	EndGlobalSection
	GlobalSection(ExtensibilityGlobals) = postSolution
		SolutionGuid = {F37A27FB-0C66-4E70-ABE7-4238AD39A92C}
	EndGlobalSection
EndGlobal
