
Microsoft Visual Studio Solution File, Format Version 12.00
# Visual Studio Version 17
VisualStudioVersion = 17.0.31903.59
MinimumVisualStudioVersion = 10.0.40219.1
Project("{FAE04EC0-301F-11D3-BF4B-00C04F79EFBC}") = "AoC-2025-01", "AoC-2025-01\AoC-2025-01.csproj", "{96A34430-8A0D-40BD-B507-F5E06957F417}"
EndProject
Project("{FAE04EC0-301F-11D3-BF4B-00C04F79EFBC}") = "AoC-2025-02", "AoC-2025-02\AoC-2025-02.csproj", "{490598C1-A163-D2AF-E169-D030ECB69A0B}"
EndProject
Project("{FAE04EC0-301F-11D3-BF4B-00C04F79EFBC}") = "AoC-2025-03", "AoC-2025-03\AoC-2025-03.csproj", "{980324CA-2D07-4300-9A51-F259ED5DB69F}"
EndProject
Project("{FAE04EC0-301F-11D3-BF4B-00C04F79EFBC}") = "AoC-2025-04", "AoC-2025-04\AoC-2025-04.csproj", "{0F792D66-92E0-4CC0-BDF5-033CE1319A7D}"
EndProject
Project("{FAE04EC0-301F-11D3-BF4B-00C04F79EFBC}") = "AoC-2025-05", "AoC-2025-05\AoC-2025-05.csproj", "{D08C45CC-6BD8-4A22-B0A9-D18581D02C09}"
EndProject
Project("{FAE04EC0-301F-11D3-BF4B-00C04F79EFBC}") = "AoC-2025-06", "AoC-2025-06\AoC-2025-06.csproj", "{DB148B52-69D6-4D27-99A0-3D7698E73E5D}"
EndProject
Global
	GlobalSection(SolutionConfigurationPlatforms) = preSolution
		Debug|Any CPU = Debug|Any CPU
		Debug|x64 = Debug|x64
		Debug|x86 = Debug|x86
		Release|Any CPU = Release|Any CPU
		Release|x64 = Release|x64
		Release|x86 = Release|x86
	EndGlobalSection
	GlobalSection(ProjectConfigurationPlatforms) = postSolution
		{96A34430-8A0D-40BD-B507-F5E06957F417}.Debug|Any CPU.ActiveCfg = Debug|Any CPU
		{96A34430-8A0D-40BD-B507-F5E06957F417}.Debug|Any CPU.Build.0 = Debug|Any CPU
		{96A34430-8A0D-40BD-B507-F5E06957F417}.Debug|x64.ActiveCfg = Debug|Any CPU
		{96A34430-8A0D-40BD-B507-F5E06957F417}.Debug|x64.Build.0 = Debug|Any CPU
		{96A34430-8A0D-40BD-B507-F5E06957F417}.Debug|x86.ActiveCfg = Debug|Any CPU
		{96A34430-8A0D-40BD-B507-F5E06957F417}.Debug|x86.Build.0 = Debug|Any CPU
		{96A34430-8A0D-40BD-B507-F5E06957F417}.Release|Any CPU.ActiveCfg = Release|Any CPU
		{96A34430-8A0D-40BD-B507-F5E06957F417}.Release|Any CPU.Build.0 = Release|Any CPU
		{96A34430-8A0D-40BD-B507-F5E06957F417}.Release|x64.ActiveCfg = Release|Any CPU
		{96A34430-8A0D-40BD-B507-F5E06957F417}.Release|x64.Build.0 = Release|Any CPU
		{96A34430-8A0D-40BD-B507-F5E06957F417}.Release|x86.ActiveCfg = Release|Any CPU
		{96A34430-8A0D-40BD-B507-F5E06957F417}.Release|x86.Build.0 = Release|Any CPU
		{490598C1-A163-D2AF-E169-D030ECB69A0B}.Debug|Any CPU.ActiveCfg = Debug|Any CPU
		{490598C1-A163-D2AF-E169-D030ECB69A0B}.Debug|Any CPU.Build.0 = Debug|Any CPU
		{490598C1-A163-D2AF-E169-D030ECB69A0B}.Debug|x64.ActiveCfg = Debug|Any CPU
		{490598C1-A163-D2AF-E169-D030ECB69A0B}.Debug|x64.Build.0 = Debug|Any CPU
		{490598C1-A163-D2AF-E169-D030ECB69A0B}.Debug|x86.ActiveCfg = Debug|Any CPU
		{490598C1-A163-D2AF-E169-D030ECB69A0B}.Debug|x86.Build.0 = Debug|Any CPU
		{490598C1-A163-D2AF-E169-D030ECB69A0B}.Release|Any CPU.ActiveCfg = Release|Any CPU
		{490598C1-A163-D2AF-E169-D030ECB69A0B}.Release|Any CPU.Build.0 = Release|Any CPU
		{490598C1-A163-D2AF-E169-D030ECB69A0B}.Release|x64.ActiveCfg = Release|Any CPU
		{490598C1-A163-D2AF-E169-D030ECB69A0B}.Release|x64.Build.0 = Release|Any CPU
		{490598C1-A163-D2AF-E169-D030ECB69A0B}.Release|x86.ActiveCfg = Release|Any CPU
		{490598C1-A163-D2AF-E169-D030ECB69A0B}.Release|x86.Build.0 = Release|Any CPU
		{980324CA-2D07-4300-9A51-F259ED5DB69F}.Debug|Any CPU.ActiveCfg = Debug|Any CPU
		{980324CA-2D07-4300-9A51-F259ED5DB69F}.Debug|Any CPU.Build.0 = Debug|Any CPU
		{980324CA-2D07-4300-9A51-F259ED5DB69F}.Debug|x64.ActiveCfg = Debug|Any CPU
		{980324CA-2D07-4300-9A51-F259ED5DB69F}.Debug|x64.Build.0 = Debug|Any CPU
		{980324CA-2D07-4300-9A51-F259ED5DB69F}.Debug|x86.ActiveCfg = Debug|Any CPU
		{980324CA-2D07-4300-9A51-F259ED5DB69F}.Debug|x86.Build.0 = Debug|Any CPU
		{980324CA-2D07-4300-9A51-F259ED5DB69F}.Release|Any CPU.ActiveCfg = Release|Any CPU
		{980324CA-2D07-4300-9A51-F259ED5DB69F}.Release|Any CPU.Build.0 = Release|Any CPU
		{980324CA-2D07-4300-9A51-F259ED5DB69F}.Release|x64.ActiveCfg = Release|Any CPU
		{980324CA-2D07-4300-9A51-F259ED5DB69F}.Release|x64.Build.0 = Release|Any CPU
		{980324CA-2D07-4300-9A51-F259ED5DB69F}.Release|x86.ActiveCfg = Release|Any CPU
		{980324CA-2D07-4300-9A51-F259ED5DB69F}.Release|x86.Build.0 = Release|Any CPU
		{0F792D66-92E0-4CC0-BDF5-033CE1319A7D}.Debug|Any CPU.ActiveCfg = Debug|Any CPU
		{0F792D66-92E0-4CC0-BDF5-033CE1319A7D}.Debug|Any CPU.Build.0 = Debug|Any CPU
		{0F792D66-92E0-4CC0-BDF5-033CE1319A7D}.Debug|x64.ActiveCfg = Debug|Any CPU
		{0F792D66-92E0-4CC0-BDF5-033CE1319A7D}.Debug|x64.Build.0 = Debug|Any CPU
		{0F792D66-92E0-4CC0-BDF5-033CE1319A7D}.Debug|x86.ActiveCfg = Debug|Any CPU
		{0F792D66-92E0-4CC0-BDF5-033CE1319A7D}.Debug|x86.Build.0 = Debug|Any CPU
		{0F792D66-92E0-4CC0-BDF5-033CE1319A7D}.Release|Any CPU.ActiveCfg = Release|Any CPU
		{0F792D66-92E0-4CC0-BDF5-033CE1319A7D}.Release|Any CPU.Build.0 = Release|Any CPU
		{0F792D66-92E0-4CC0-BDF5-033CE1319A7D}.Release|x64.ActiveCfg = Release|Any CPU
		{0F792D66-92E0-4CC0-BDF5-033CE1319A7D}.Release|x64.Build.0 = Release|Any CPU
		{0F792D66-92E0-4CC0-BDF5-033CE1319A7D}.Release|x86.ActiveCfg = Release|Any CPU
		{0F792D66-92E0-4CC0-BDF5-033CE1319A7D}.Release|x86.Build.0 = Release|Any CPU
		{D08C45CC-6BD8-4A22-B0A9-D18581D02C09}.Debug|Any CPU.ActiveCfg = Debug|Any CPU
		{D08C45CC-6BD8-4A22-B0A9-D18581D02C09}.Debug|Any CPU.Build.0 = Debug|Any CPU
		{D08C45CC-6BD8-4A22-B0A9-D18581D02C09}.Debug|x64.ActiveCfg = Debug|Any CPU
		{D08C45CC-6BD8-4A22-B0A9-D18581D02C09}.Debug|x64.Build.0 = Debug|Any CPU
		{D08C45CC-6BD8-4A22-B0A9-D18581D02C09}.Debug|x86.ActiveCfg = Debug|Any CPU
		{D08C45CC-6BD8-4A22-B0A9-D18581D02C09}.Debug|x86.Build.0 = Debug|Any CPU
		{D08C45CC-6BD8-4A22-B0A9-D18581D02C09}.Release|Any CPU.ActiveCfg = Release|Any CPU
		{D08C45CC-6BD8-4A22-B0A9-D18581D02C09}.Release|Any CPU.Build.0 = Release|Any CPU
		{D08C45CC-6BD8-4A22-B0A9-D18581D02C09}.Release|x64.ActiveCfg = Release|Any CPU
		{D08C45CC-6BD8-4A22-B0A9-D18581D02C09}.Release|x64.Build.0 = Release|Any CPU
		{D08C45CC-6BD8-4A22-B0A9-D18581D02C09}.Release|x86.ActiveCfg = Release|Any CPU
		{D08C45CC-6BD8-4A22-B0A9-D18581D02C09}.Release|x86.Build.0 = Release|Any CPU
		{DB148B52-69D6-4D27-99A0-3D7698E73E5D}.Debug|Any CPU.ActiveCfg = Debug|Any CPU
		{DB148B52-69D6-4D27-99A0-3D7698E73E5D}.Debug|Any CPU.Build.0 = Debug|Any CPU
		{DB148B52-69D6-4D27-99A0-3D7698E73E5D}.Debug|x64.ActiveCfg = Debug|Any CPU
		{DB148B52-69D6-4D27-99A0-3D7698E73E5D}.Debug|x64.Build.0 = Debug|Any CPU
		{DB148B52-69D6-4D27-99A0-3D7698E73E5D}.Debug|x86.ActiveCfg = Debug|Any CPU
		{DB148B52-69D6-4D27-99A0-3D7698E73E5D}.Debug|x86.Build.0 = Debug|Any CPU
		{DB148B52-69D6-4D27-99A0-3D7698E73E5D}.Release|Any CPU.ActiveCfg = Release|Any CPU
		{DB148B52-69D6-4D27-99A0-3D7698E73E5D}.Release|Any CPU.Build.0 = Release|Any CPU
		{DB148B52-69D6-4D27-99A0-3D7698E73E5D}.Release|x64.ActiveCfg = Release|Any CPU
		{DB148B52-69D6-4D27-99A0-3D7698E73E5D}.Release|x64.Build.0 = Release|Any CPU
		{DB148B52-69D6-4D27-99A0-3D7698E73E5D}.Release|x86.ActiveCfg = Release|Any CPU
		{DB148B52-69D6-4D27-99A0-3D7698E73E5D}.Release|x86.Build.0 = Release|Any CPU
	EndGlobalSection
	GlobalSection(SolutionProperties) = preSolution
		HideSolutionNode = FALSE
	EndGlobalSection
	GlobalSection(ExtensibilityGlobals) = postSolution
		SolutionGuid = {F37A27FB-0C66-4E70-ABE7-4238AD39A92C}
	EndGlobalSection
EndGlobal
